// !$*UTF8*$!
{
 archiveVersion = 1;
 classes = {};
 objectVersion = 56;
 objects = {
  A00000000000000000000001 = {isa = PBXProject; attributes = { TargetAttributes = { A00000000000000000000005 = { SystemCapabilities = { com.apple.HomeKit = { enabled = 1; }; }; }; }; }; buildConfigurationList = A00000000000000000000002; compatibilityVersion = "Xcode 14.0"; developmentRegion = en; knownRegions = (en, Base); mainGroup = A00000000000000000000003; productRefGroup = A00000000000000000000004; projectDirPath = ""; projectRoot = ""; targets = (A00000000000000000000005); };
  A00000000000000000000002 = {isa = XCConfigurationList; buildConfigurations = (A00000000000000000000006); defaultConfigurationIsVisible = 0; defaultConfigurationName = Debug; };
  A00000000000000000000003 = {isa = PBXGroup; children = (A00000000000000000000007, A00000000000000000000004); sourceTree = "<group>"; };
  A00000000000000000000004 = {isa = PBXGroup; children = (A00000000000000000000008); name = Products; sourceTree = "<group>"; };
  A00000000000000000000005 = {isa = PBXNativeTarget; buildConfigurationList = A00000000000000000000009; buildPhases = (A0000000000000000000000A, B00000000000000000000015); buildRules = (); dependencies = (); name = CameraProbe; productName = CameraProbe; productReference = A00000000000000000000008; productType = "com.apple.product-type.application"; };
  A00000000000000000000006 = {isa = XCBuildConfiguration; buildSettings = { SDKROOT = iphoneos; IPHONEOS_DEPLOYMENT_TARGET = 15.0; SWIFT_VERSION = 5.0; }; name = Debug; };
  A00000000000000000000007 = {isa = PBXFileReference; lastKnownFileType = sourcecode.swift; path = Probe.swift; sourceTree = "<group>"; };
  A00000000000000000000008 = {isa = PBXFileReference; explicitFileType = wrapper.application; includeInIndex = 0; path = CameraProbe.app; sourceTree = BUILT_PRODUCTS_DIR; };
  A00000000000000000000009 = {isa = XCConfigurationList; buildConfigurations = (A0000000000000000000000B); defaultConfigurationIsVisible = 0; defaultConfigurationName = Debug; };
  A0000000000000000000000A = {isa = PBXSourcesBuildPhase; buildActionMask = 2147483647; files = (A0000000000000000000000C, B00000000000000000000001, B00000000000000000000002, B00000000000000000000003); runOnlyForDeploymentPostprocessing = 0; };
  B00000000000000000000001 = {isa = PBXBuildFile; fileRef = B00000000000000000000011; };
  B00000000000000000000002 = {isa = PBXBuildFile; fileRef = B00000000000000000000012; };
  B00000000000000000000003 = {isa = PBXBuildFile; fileRef = B00000000000000000000013; };
  B00000000000000000000004 = {isa = PBXBuildFile; fileRef = B00000000000000000000014; };
  B00000000000000000000011 = {isa = PBXFileReference; lastKnownFileType = sourcecode.swift; path = CachePolicy.swift; sourceTree = SOURCE_ROOT; };
  B00000000000000000000012 = {isa = PBXFileReference; lastKnownFileType = sourcecode.swift; path = CacheHTTP.swift; sourceTree = SOURCE_ROOT; };
  B00000000000000000000013 = {isa = PBXFileReference; lastKnownFileType = sourcecode.swift; path = CacheTest.swift; sourceTree = SOURCE_ROOT; };
  B00000000000000000000014 = {isa = PBXFileReference; lastKnownFileType = text; path = pebble-image.cjs; sourceTree = SOURCE_ROOT; };
  B00000000000000000000015 = {isa = PBXResourcesBuildPhase; buildActionMask = 2147483647; files = (B00000000000000000000004); runOnlyForDeploymentPostprocessing = 0; };
  A0000000000000000000000B = {isa = XCBuildConfiguration; buildSettings = { CODE_SIGN_STYLE = Automatic; CODE_SIGN_ENTITLEMENTS = Probe.entitlements; GENERATE_INFOPLIST_FILE = NO; INFOPLIST_FILE = Info.plist; PRODUCT_BUNDLE_IDENTIFIER = com.organikapps.pome.camera-probe; PRODUCT_NAME = "$(TARGET_NAME)"; SUPPORTS_MACCATALYST = YES; TARGETED_DEVICE_FAMILY = "1,2"; DERIVE_MACCATALYST_PRODUCT_BUNDLE_IDENTIFIER = NO; SWIFT_VERSION = 5.0; LD_RUNPATH_SEARCH_PATHS = "$(inherited) @executable_path/Frameworks"; }; name = Debug; };
  A0000000000000000000000C = {isa = PBXBuildFile; fileRef = A00000000000000000000007; };
 };
 rootObject = A00000000000000000000001;
}
